{
  "name": "ChatGPT",
  "version": "0.0.0",
  "lockfileVersion": 2,
  "requires": true,
  "packages": {
    "": {
      "name": "ChatGPT",
      "version": "0.0.0",
      "dependencies": {
        "@tauri-apps/api": "^1.4.0"
      },
      "devDependencies": {
        "@tauri-apps/cli": "^1.4.0"
      }
    },
    "node_modules/@tauri-apps/api": {
      "version": "1.4.0",
      "resolved": "https://registry.npmjs.org/@tauri-apps/api/-/api-1.4.0.tgz",
      "integrity": "sha512-Jd6HPoTM1PZSFIzq7FB8VmMu3qSSyo/3lSwLpoapW+lQ41CL5Dow2KryLg+gyazA/58DRWI9vu/XpEeHK4uMdw==",
      "engines": {
        "node": ">= 14.6.0",
        "npm": ">= 6.6.0",
        "yarn": ">= 1.19.1"
      },
      "funding": {
        "type": "opencollective",
        "url": "https://opencollective.com/tauri"
      }
    },
    "node_modules/@tauri-apps/cli": {
      "version": "1.4.0",
      "resolved": "https://registry.npmjs.org/@tauri-apps/cli/-/cli-1.4.0.tgz",
      "integrity": "sha512-VXYr2i2iVFl98etQSQsqLzXgX96bnWiNZd1YADgatqwy/qecbd6Kl5ZAPB5R4ynsgE8A1gU7Fbzh7dCEQYFfmA==",
      "dev": true,
      "license": "Apache-2.0 OR MIT",
      "bin": {
        "tauri": "tauri.js"
      },
      "engines": {
        "node": ">= 10"
      },
      "funding": {
        "type": "opencollective",
        "url": "https://opencollective.com/tauri"
      },
      "optionalDependencies": {
        "@tauri-apps/cli-darwin-arm64": "1.4.0",
        "@tauri-apps/cli-darwin-x64": "1.4.0",
        "@tauri-apps/cli-linux-arm-gnueabihf": "1.4.0",
        "@tauri-apps/cli-linux-arm64-gnu": "1.4.0",
        "@tauri-apps/cli-linux-arm64-musl": "1.4.0",
        "@tauri-apps/cli-linux-x64-gnu": "1.4.0",
        "@tauri-apps/cli-linux-x64-musl": "1.4.0",
        "@tauri-apps/cli-win32-arm64-msvc": "1.4.0",
        "@tauri-apps/cli-win32-ia32-msvc": "1.4.0",
        "@tauri-apps/cli-win32-x64-msvc": "1.4.0"
      }
    },
    "node_modules/@tauri-apps/cli-win32-x64-msvc": {
      "version": "1.4.0",
      "resolved": "https://registry.npmjs.org/@tauri-apps/cli-win32-x64-msvc/-/cli-win32-x64-msvc-1.4.0.tgz",
      "integrity": "sha512-z8Olcnwp5aYhzqUAarFjqF+oELCjuYWnB2HAJHlfsYNfDCAORY5kct3Fklz8PSsubC3U2EugWn8n42DwnThurg==",
      "cpu": [
        "x64"
      ],
      "dev": true,
      "license": "MIT",
      "optional": true,
      "os": [
        "win32"
      ],
      "engines": {
        "node": ">= 10"
      }
    }
  },
  "dependencies": {
    "@tauri-apps/api": {
      "version": "1.4.0",
      "resolved": "https://registry.npmjs.org/@tauri-apps/api/-/api-1.4.0.tgz",
      "integrity": "sha512-Jd6HPoTM1PZSFIzq7FB8VmMu3qSSyo/3lSwLpoapW+lQ41CL5Dow2KryLg+gyazA/58DRWI9vu/XpEeHK4uMdw=="
    },
    "@tauri-apps/cli": {
      "version": "1.4.0",
      "resolved": "https://registry.npmjs.org/@tauri-apps/cli/-/cli-1.4.0.tgz",
      "integrity": "sha512-VXYr2i2iVFl98etQSQsqLzXgX96bnWiNZd1YADgatqwy/qecbd6Kl5ZAPB5R4ynsgE8A1gU7Fbzh7dCEQYFfmA==",
      "dev": true,
      "requires": {
        "@tauri-apps/cli-darwin-arm64": "1.4.0",
        "@tauri-apps/cli-darwin-x64": "1.4.0",
        "@tauri-apps/cli-linux-arm-gnueabihf": "1.4.0",
        "@tauri-apps/cli-linux-arm64-gnu": "1.4.0",
        "@tauri-apps/cli-linux-arm64-musl": "1.4.0",
        "@tauri-apps/cli-linux-x64-gnu": "1.4.0",
        "@tauri-apps/cli-linux-x64-musl": "1.4.0",
        "@tauri-apps/cli-win32-arm64-msvc": "1.4.0",
        "@tauri-apps/cli-win32-ia32-msvc": "1.4.0",
        "@tauri-apps/cli-win32-x64-msvc": "1.4.0"
      }
    },
    "@tauri-apps/cli-win32-x64-msvc": {
      "version": "1.4.0",
      "resolved": "https://registry.npmjs.org/@tauri-apps/cli-win32-x64-msvc/-/cli-win32-x64-msvc-1.4.0.tgz",
      "integrity": "sha512-z8Olcnwp5aYhzqUAarFjqF+oELCjuYWnB2HAJHlfsYNfDCAORY5kct3Fklz8PSsubC3U2EugWn8n42DwnThurg==",
      "dev": true,
      "optional": true
    }
  }
}
