# THIS IS AN AUTOGENERATED FILE. DO NOT EDIT THIS FILE DIRECTLY.
# yarn lockfile v1


"@tauri-apps/api@^1.4.0":
  "integrity" "sha512-Jd6HPoTM1PZSFIzq7FB8VmMu3qSSyo/3lSwLpoapW+lQ41CL5Dow2KryLg+gyazA/58DRWI9vu/XpEeHK4uMdw=="
  "resolved" "https://registry.npmjs.org/@tauri-apps/api/-/api-1.4.0.tgz"
  "version" "1.4.0"

"@tauri-apps/cli-win32-x64-msvc@1.4.0":
  "integrity" "sha512-z8Olcnwp5aYhzqUAarFjqF+oELCjuYWnB2HAJHlfsYNfDCAORY5kct3Fklz8PSsubC3U2EugWn8n42DwnThurg=="
  "resolved" "https://registry.npmjs.org/@tauri-apps/cli-win32-x64-msvc/-/cli-win32-x64-msvc-1.4.0.tgz"
  "version" "1.4.0"

"@tauri-apps/cli@^1.4.0":
  "integrity" "sha512-VXYr2i2iVFl98etQSQsqLzXgX96bnWiNZd1YADgatqwy/qecbd6Kl5ZAPB5R4ynsgE8A1gU7Fbzh7dCEQYFfmA=="
  "resolved" "https://registry.npmjs.org/@tauri-apps/cli/-/cli-1.4.0.tgz"
  "version" "1.4.0"
  optionalDependencies:
    "@tauri-apps/cli-darwin-arm64" "1.4.0"
    "@tauri-apps/cli-darwin-x64" "1.4.0"
    "@tauri-apps/cli-linux-arm-gnueabihf" "1.4.0"
    "@tauri-apps/cli-linux-arm64-gnu" "1.4.0"
    "@tauri-apps/cli-linux-arm64-musl" "1.4.0"
    "@tauri-apps/cli-linux-x64-gnu" "1.4.0"
    "@tauri-apps/cli-linux-x64-musl" "1.4.0"
    "@tauri-apps/cli-win32-arm64-msvc" "1.4.0"
    "@tauri-apps/cli-win32-ia32-msvc" "1.4.0"
    "@tauri-apps/cli-win32-x64-msvc" "1.4.0"
